
Microsoft Visual Studio Solution File, Format Version 12.00
# Visual Studio 2013
VisualStudioVersion = 12.0.30324.0
MinimumVisualStudioVersion = 10.0.40219.1
Project("{070BCB52-5A75-4F8C-A973-144AF0EAFCC9}") = "ExpenseTracking", "ExpenseTracking\ExpenseTracking.iceproj", "{8F769CB2-6482-4F86-88D8-ECBC7AD9BB65}"
EndProject
Global
	GlobalSection(SolutionConfigurationPlatforms) = preSolution
		Debug|Any CPU = Debug|Any CPU
		Release|Any CPU = Release|Any CPU
	EndGlobalSection
	GlobalSection(ProjectConfigurationPlatforms) = postSolution
		{8F769CB2-6482-4F86-88D8-ECBC7AD9BB65}.Debug|Any CPU.ActiveCfg = Debug|Any CPU
		{8F769CB2-6482-4F86-88D8-ECBC7AD9BB65}.Debug|Any CPU.Build.0 = Debug|Any CPU
		{8F769CB2-6482-4F86-88D8-ECBC7AD9BB65}.Release|Any CPU.ActiveCfg = Release|Any CPU
		{8F769CB2-6482-4F86-88D8-ECBC7AD9BB65}.Release|Any CPU.Build.0 = Release|Any CPU
	EndGlobalSection
	GlobalSection(SolutionProperties) = preSolution
		HideSolutionNode = FALSE
	EndGlobalSection
EndGlobal
